
Microsoft Visual Studio Solution File, Format Version 12.00
# Visual Studio Version 16
VisualStudioVersion = 16.0.32106.194
MinimumVisualStudioVersion = 10.0.40219.1
Project("{FAE04EC0-301F-11D3-BF4B-00C04F79EFBC}") = "не_котик", "не_котик.csproj", "{60EDBA80-D04A-4A1F-A217-02ECDFF670E6}"
EndProject
Global
	GlobalSection(SolutionConfigurationPlatforms) = preSolution
		Debug|Any CPU = Debug|Any CPU
		Release|Any CPU = Release|Any CPU
	EndGlobalSection
	GlobalSection(ProjectConfigurationPlatforms) = postSolution
		{60EDBA80-D04A-4A1F-A217-02ECDFF670E6}.Debug|Any CPU.ActiveCfg = Debug|Any CPU
		{60EDBA80-D04A-4A1F-A217-02ECDFF670E6}.Debug|Any CPU.Build.0 = Debug|Any CPU
		{60EDBA80-D04A-4A1F-A217-02ECDFF670E6}.Release|Any CPU.ActiveCfg = Release|Any CPU
		{60EDBA80-D04A-4A1F-A217-02ECDFF670E6}.Release|Any CPU.Build.0 = Release|Any CPU
	EndGlobalSection
	GlobalSection(SolutionProperties) = preSolution
		HideSolutionNode = FALSE
	EndGlobalSection
	GlobalSection(ExtensibilityGlobals) = postSolution
		SolutionGuid = {DCDF1A03-AEB2-4516-B947-B29D8782003E}
	EndGlobalSection
EndGlobal
