
Microsoft Visual Studio Solution File, Format Version 12.00
# Visual Studio Version 16
VisualStudioVersion = 16.0.32106.194
MinimumVisualStudioVersion = 10.0.40219.1
Project("{FAE04EC0-301F-11D3-BF4B-00C04F79EFBC}") = "кот-ПОКАЗЫВАЕТ_сальтуху", "кот-ПОКАЗЫВАЕТ_сальтуху.csproj", "{E8159107-4735-4ADB-B866-F516AF8F50DE}"
EndProject
Global
	GlobalSection(SolutionConfigurationPlatforms) = preSolution
		Debug|Any CPU = Debug|Any CPU
		Release|Any CPU = Release|Any CPU
	EndGlobalSection
	GlobalSection(ProjectConfigurationPlatforms) = postSolution
		{E8159107-4735-4ADB-B866-F516AF8F50DE}.Debug|Any CPU.ActiveCfg = Debug|Any CPU
		{E8159107-4735-4ADB-B866-F516AF8F50DE}.Debug|Any CPU.Build.0 = Debug|Any CPU
		{E8159107-4735-4ADB-B866-F516AF8F50DE}.Release|Any CPU.ActiveCfg = Release|Any CPU
		{E8159107-4735-4ADB-B866-F516AF8F50DE}.Release|Any CPU.Build.0 = Release|Any CPU
	EndGlobalSection
	GlobalSection(SolutionProperties) = preSolution
		HideSolutionNode = FALSE
	EndGlobalSection
	GlobalSection(ExtensibilityGlobals) = postSolution
		SolutionGuid = {50CA0B4A-DF18-4CE5-B1FA-2BB700CB19CD}
	EndGlobalSection
EndGlobal
