
Microsoft Visual Studio Solution File, Format Version 12.00
# Visual Studio Version 16
VisualStudioVersion = 16.0.32106.194
MinimumVisualStudioVersion = 10.0.40219.1
Project("{FAE04EC0-301F-11D3-BF4B-00C04F79EFBC}") = "WpfApp1", "WpfApp1.csproj", "{61B241A4-7143-4864-88DC-F1FB9936A480}"
EndProject
Global
	GlobalSection(SolutionConfigurationPlatforms) = preSolution
		Debug|Any CPU = Debug|Any CPU
		Release|Any CPU = Release|Any CPU
	EndGlobalSection
	GlobalSection(ProjectConfigurationPlatforms) = postSolution
		{61B241A4-7143-4864-88DC-F1FB9936A480}.Debug|Any CPU.ActiveCfg = Debug|Any CPU
		{61B241A4-7143-4864-88DC-F1FB9936A480}.Debug|Any CPU.Build.0 = Debug|Any CPU
		{61B241A4-7143-4864-88DC-F1FB9936A480}.Release|Any CPU.ActiveCfg = Release|Any CPU
		{61B241A4-7143-4864-88DC-F1FB9936A480}.Release|Any CPU.Build.0 = Release|Any CPU
	EndGlobalSection
	GlobalSection(SolutionProperties) = preSolution
		HideSolutionNode = FALSE
	EndGlobalSection
	GlobalSection(ExtensibilityGlobals) = postSolution
		SolutionGuid = {6288BBE5-9597-4421-81F4-DDEA9E7BE836}
	EndGlobalSection
EndGlobal
